<?xml version="1.0" encoding="utf-8"?>
<Project ToolsVersion="4.0" xmlns="http://schemas.microsoft.com/developer/msbuild/2003">
  <ItemGroup>
    <Filter Include="Source Files">
      <UniqueIdentifier>{4FC737F1-C7A5-4376-A066-2A32D752A2FF}</UniqueIdentifier>
      <Extensions>cpp;c;cc;cxx;def;odl;idl;hpj;bat;asm;asmx</Extensions>
    </Filter>
    <Filter Include="Header Files">
      <UniqueIdentifier>{93995380-89BD-4b04-88EB-625FBE52EBFB}</UniqueIdentifier>
      <Extensions>h;hpp;hxx;hm;inl;inc;xsd</Extensions>
    </Filter>
    <Filter Include="Resource Files">
      <UniqueIdentifier>{67DA6AB6-F800-4c08-8B7A-83BB121AAD01}</UniqueIdentifier>
      <Extensions>rc;ico;cur;bmp;dlg;rc2;rct;bin;rgs;gif;jpg;jpeg;jpe;resx;tiff;tif;png;wav;mfcribbon-ms</Extensions>
    </Filter>
    <Filter Include="Source Files\General">
      <UniqueIdentifier>{23beb36f-fb17-47d1-91c1-a9c4ed1c876e}</UniqueIdentifier>
    </Filter>
    <Filter Include="Header Files\General">
      <UniqueIdentifier>{9fa341a3-c8e0-4acd-9e25-afa9d87b23b5}</UniqueIdentifier>
    </Filter>
    <Filter Include="Header Files\API">
      <UniqueIdentifier>{c370093b-5edf-4498-b81c-601284127468}</UniqueIdentifier>
    </Filter>
    <Filter Include="Source Files\API">
      <UniqueIdentifier>{317c831e-466b-49c1-8659-ade7d0f103b1}</UniqueIdentifier>
    </Filter>
    <Filter Include="Source Files\Global">
      <UniqueIdentifier>{8ca05fc6-0693-4606-a81e-4193c903daab}</UniqueIdentifier>
    </Filter>
    <Filter Include="Header Files\Global">
      <UniqueIdentifier>{906cf15f-d53d-42e3-8ac6-a38ed1121903}</UniqueIdentifier>
    </Filter>
    <Filter Include="Source Files\Characters">
      <UniqueIdentifier>{b87a1416-f96e-40d9-8e1c-cf530d3f4230}</UniqueIdentifier>
    </Filter>
    <Filter Include="Header Files\Characters">
      <UniqueIdentifier>{1efcee94-a9ce-45b3-9a28-d5cda3643866}</UniqueIdentifier>
    </Filter>
  </ItemGroup>
  <ItemGroup>
    <ClCompile Include="ccCharselUI.cpp">
      <Filter>Source Files\General</Filter>
    </ClCompile>
    <ClCompile Include="ccMain.cpp">
      <Filter>Source Files\General</Filter>
    </ClCompile>
    <ClCompile Include="ccMessageInfo.cpp">
      <Filter>Source Files\General</Filter>
    </ClCompile>
    <ClCompile Include="HookFunctions.cpp">
      <Filter>Source Files\General</Filter>
    </ClCompile>
    <ClCompile Include="xinput1_3.cpp">
      <Filter>Source Files\General</Filter>
    </ClCompile>
    <ClCompile Include="API_Console.cpp">
      <Filter>Source Files\API</Filter>
    </ClCompile>
    <ClCompile Include="ccUpdater.cpp">
      <Filter>Source Files\API</Filter>
    </ClCompile>
    <ClCompile Include="LuaCommands.cpp">
      <Filter>Source Files\General</Filter>
    </ClCompile>
    <ClCompile Include="ccPlayer.cpp">
      <Filter>Source Files\General</Filter>
    </ClCompile>
    <ClCompile Include="ccGameVariables.cpp">
      <Filter>Source Files\General</Filter>
    </ClCompile>
    <ClCompile Include="Vector3.cpp">
      <Filter>Source Files\Global</Filter>
    </ClCompile>
    <ClCompile Include="ccPlayerMain_2ITC.cpp">
      <Filter>Source Files\Characters</Filter>
    </ClCompile>
    <ClCompile Include="ccPlayerMain_3DNZ.cpp">
      <Filter>Source Files\Characters</Filter>
    </ClCompile>
    <ClCompile Include="ccPlayerMain_2TOB.cpp">
      <Filter>Source Files\Characters</Filter>
    </ClCompile>
    <ClCompile Include="ccPlayerMain_3MNT.cpp">
      <Filter>Source Files\Characters</Filter>
    </ClCompile>
  </ItemGroup>
  <ItemGroup>
    <ClInclude Include="ccCharselUI.h">
      <Filter>Header Files\General</Filter>
    </ClInclude>
    <ClInclude Include="ccMain.h">
      <Filter>Header Files\General</Filter>
    </ClInclude>
    <ClInclude Include="ccMessageInfo.h">
      <Filter>Header Files\General</Filter>
    </ClInclude>
    <ClInclude Include="HookFunctions.h">
      <Filter>Header Files\General</Filter>
    </ClInclude>
    <ClInclude Include="xinput1_3.h">
      <Filter>Header Files\General</Filter>
    </ClInclude>
    <ClInclude Include="API_Console.h">
      <Filter>Header Files\API</Filter>
    </ClInclude>
    <ClInclude Include="ccUpdater.h">
      <Filter>Header Files\API</Filter>
    </ClInclude>
    <ClInclude Include="LuaCommands.h">
      <Filter>Header Files\General</Filter>
    </ClInclude>
    <ClInclude Include="ccPlayer.h">
      <Filter>Header Files\General</Filter>
    </ClInclude>
    <ClInclude Include="ccGameVariables.h">
      <Filter>Header Files\General</Filter>
    </ClInclude>
    <ClInclude Include="Vector3.h">
      <Filter>Header Files\Global</Filter>
    </ClInclude>
    <ClInclude Include="ccPlayerMain_2ITC.h">
      <Filter>Header Files\Characters</Filter>
    </ClInclude>
    <ClInclude Include="ccPlayerMain_3DNZ.h">
      <Filter>Header Files\Characters</Filter>
    </ClInclude>
    <ClInclude Include="ccPlayerMain_2TOB.h">
      <Filter>Header Files\Characters</Filter>
    </ClInclude>
    <ClInclude Include="ccPlayerMain_3MNT.h">
      <Filter>Header Files\Characters</Filter>
    </ClInclude>
  </ItemGroup>
  <ItemGroup>
    <None Include="xinput1_3.def">
      <Filter>Resource Files</Filter>
    </None>
  </ItemGroup>
</Project>